
Microsoft Visual Studio Solution File, Format Version 12.00
# Visual Studio 15
VisualStudioVersion = 15.0.28307.645
MinimumVisualStudioVersion = 10.0.40219.1
Project("{9092AA53-FB77-4645-B42D-1CCCA6BD08BD}") = "inspirational-discord-bot", "inspirational-discord-bot.njsproj", "{0509FDE4-48CB-47B7-989A-A42D375C6E8D}"
EndProject
Global
	GlobalSection(SolutionConfigurationPlatforms) = preSolution
		Debug|Any CPU = Debug|Any CPU
		Release|Any CPU = Release|Any CPU
	EndGlobalSection
	GlobalSection(ProjectConfigurationPlatforms) = postSolution
		{0509FDE4-48CB-47B7-989A-A42D375C6E8D}.Debug|Any CPU.ActiveCfg = Debug|Any CPU
		{0509FDE4-48CB-47B7-989A-A42D375C6E8D}.Debug|Any CPU.Build.0 = Debug|Any CPU
		{0509FDE4-48CB-47B7-989A-A42D375C6E8D}.Release|Any CPU.ActiveCfg = Release|Any CPU
		{0509FDE4-48CB-47B7-989A-A42D375C6E8D}.Release|Any CPU.Build.0 = Release|Any CPU
	EndGlobalSection
	GlobalSection(SolutionProperties) = preSolution
		HideSolutionNode = FALSE
	EndGlobalSection
	GlobalSection(ExtensibilityGlobals) = postSolution
		SolutionGuid = {867B4D5C-B46F-4FA7-B690-8E7C0076EFD3}
	EndGlobalSection
EndGlobal
